
Microsoft Visual Studio Solution File, Format Version 12.00
# Visual Studio Version 16
VisualStudioVersion = 16.0.29411.108
MinimumVisualStudioVersion = 10.0.40219.1
Project("{8BC9CEB8-8B4A-11D0-8D11-00A0C91BC942}") = "Project2", "Project2\Project2.vcxproj", "{810E0437-4891-48AF-95AE-1D36B10F4902}"
EndProject
Project("{8BC9CEB8-8B4A-11D0-8D11-00A0C91BC942}") = "Euler", "Euler\Euler.vcxproj", "{31D1F86B-FB38-4C3B-984C-DB7E17CC198D}"
EndProject
Project("{8BC9CEB8-8B4A-11D0-8D11-00A0C91BC942}") = "Newton", "Newton\Newton.vcxproj", "{2ECE2318-931D-41F0-ACF6-7C1D0FABC931}"
EndProject
Project("{8BC9CEB8-8B4A-11D0-8D11-00A0C91BC942}") = "Xianjie", "Xianjie\Xianjie.vcxproj", "{8365ADA6-EB90-470F-99E6-4A12EDDA52B5}"
EndProject
Project("{8BC9CEB8-8B4A-11D0-8D11-00A0C91BC942}") = "Gauss", "Gauss\Gauss.vcxproj", "{47B9221E-C762-4B98-ACB0-F19330FD5178}"
EndProject
Global
	GlobalSection(SolutionConfigurationPlatforms) = preSolution
		Debug|x64 = Debug|x64
		Debug|x86 = Debug|x86
		Release|x64 = Release|x64
		Release|x86 = Release|x86
	EndGlobalSection
	GlobalSection(ProjectConfigurationPlatforms) = postSolution
		{810E0437-4891-48AF-95AE-1D36B10F4902}.Debug|x64.ActiveCfg = Debug|x64
		{810E0437-4891-48AF-95AE-1D36B10F4902}.Debug|x64.Build.0 = Debug|x64
		{810E0437-4891-48AF-95AE-1D36B10F4902}.Debug|x86.ActiveCfg = Debug|Win32
		{810E0437-4891-48AF-95AE-1D36B10F4902}.Debug|x86.Build.0 = Debug|Win32
		{810E0437-4891-48AF-95AE-1D36B10F4902}.Release|x64.ActiveCfg = Release|x64
		{810E0437-4891-48AF-95AE-1D36B10F4902}.Release|x64.Build.0 = Release|x64
		{810E0437-4891-48AF-95AE-1D36B10F4902}.Release|x86.ActiveCfg = Release|Win32
		{810E0437-4891-48AF-95AE-1D36B10F4902}.Release|x86.Build.0 = Release|Win32
		{31D1F86B-FB38-4C3B-984C-DB7E17CC198D}.Debug|x64.ActiveCfg = Debug|x64
		{31D1F86B-FB38-4C3B-984C-DB7E17CC198D}.Debug|x64.Build.0 = Debug|x64
		{31D1F86B-FB38-4C3B-984C-DB7E17CC198D}.Debug|x86.ActiveCfg = Debug|Win32
		{31D1F86B-FB38-4C3B-984C-DB7E17CC198D}.Debug|x86.Build.0 = Debug|Win32
		{31D1F86B-FB38-4C3B-984C-DB7E17CC198D}.Release|x64.ActiveCfg = Release|x64
		{31D1F86B-FB38-4C3B-984C-DB7E17CC198D}.Release|x64.Build.0 = Release|x64
		{31D1F86B-FB38-4C3B-984C-DB7E17CC198D}.Release|x86.ActiveCfg = Release|Win32
		{31D1F86B-FB38-4C3B-984C-DB7E17CC198D}.Release|x86.Build.0 = Release|Win32
		{2ECE2318-931D-41F0-ACF6-7C1D0FABC931}.Debug|x64.ActiveCfg = Debug|x64
		{2ECE2318-931D-41F0-ACF6-7C1D0FABC931}.Debug|x64.Build.0 = Debug|x64
		{2ECE2318-931D-41F0-ACF6-7C1D0FABC931}.Debug|x86.ActiveCfg = Debug|Win32
		{2ECE2318-931D-41F0-ACF6-7C1D0FABC931}.Debug|x86.Build.0 = Debug|Win32
		{2ECE2318-931D-41F0-ACF6-7C1D0FABC931}.Release|x64.ActiveCfg = Release|x64
		{2ECE2318-931D-41F0-ACF6-7C1D0FABC931}.Release|x64.Build.0 = Release|x64
		{2ECE2318-931D-41F0-ACF6-7C1D0FABC931}.Release|x86.ActiveCfg = Release|Win32
		{2ECE2318-931D-41F0-ACF6-7C1D0FABC931}.Release|x86.Build.0 = Release|Win32
		{8365ADA6-EB90-470F-99E6-4A12EDDA52B5}.Debug|x64.ActiveCfg = Debug|x64
		{8365ADA6-EB90-470F-99E6-4A12EDDA52B5}.Debug|x64.Build.0 = Debug|x64
		{8365ADA6-EB90-470F-99E6-4A12EDDA52B5}.Debug|x86.ActiveCfg = Debug|Win32
		{8365ADA6-EB90-470F-99E6-4A12EDDA52B5}.Debug|x86.Build.0 = Debug|Win32
		{8365ADA6-EB90-470F-99E6-4A12EDDA52B5}.Release|x64.ActiveCfg = Release|x64
		{8365ADA6-EB90-470F-99E6-4A12EDDA52B5}.Release|x64.Build.0 = Release|x64
		{8365ADA6-EB90-470F-99E6-4A12EDDA52B5}.Release|x86.ActiveCfg = Release|Win32
		{8365ADA6-EB90-470F-99E6-4A12EDDA52B5}.Release|x86.Build.0 = Release|Win32
		{47B9221E-C762-4B98-ACB0-F19330FD5178}.Debug|x64.ActiveCfg = Debug|x64
		{47B9221E-C762-4B98-ACB0-F19330FD5178}.Debug|x64.Build.0 = Debug|x64
		{47B9221E-C762-4B98-ACB0-F19330FD5178}.Debug|x86.ActiveCfg = Debug|Win32
		{47B9221E-C762-4B98-ACB0-F19330FD5178}.Debug|x86.Build.0 = Debug|Win32
		{47B9221E-C762-4B98-ACB0-F19330FD5178}.Release|x64.ActiveCfg = Release|x64
		{47B9221E-C762-4B98-ACB0-F19330FD5178}.Release|x64.Build.0 = Release|x64
		{47B9221E-C762-4B98-ACB0-F19330FD5178}.Release|x86.ActiveCfg = Release|Win32
		{47B9221E-C762-4B98-ACB0-F19330FD5178}.Release|x86.Build.0 = Release|Win32
	EndGlobalSection
	GlobalSection(SolutionProperties) = preSolution
		HideSolutionNode = FALSE
	EndGlobalSection
	GlobalSection(ExtensibilityGlobals) = postSolution
		SolutionGuid = {D53E9B81-0045-4095-BD98-F9DD5FB5FF84}
	EndGlobalSection
EndGlobal
